{
  "name": "zone-main",
  "version": "0.0.1",
  "lockfileVersion": 1,
  "requires": true,
  "dependencies": {
    "@prettier/plugin-php": {
      "version": "0.22.4",
      "resolved": "https://registry.npmjs.org/@prettier/plugin-php/-/plugin-php-0.22.4.tgz",
      "integrity": "sha512-uZWqfyrwsxScIYkmVcfnoQGFmKVMXTHD5pqYT4l8fxzm5P3XY94hTPbf8X6TFCi2QTZBIot7GS8lfIjQjldc2g==",
      "dev": true,
      "requires": {
        "linguist-languages": "^7.27.0",
        "php-parser": "^3.1.5"
      }
    },
    "linguist-languages": {
      "version": "7.27.0",
      "resolved": "https://registry.npmjs.org/linguist-languages/-/linguist-languages-7.27.0.tgz",
      "integrity": "sha512-Wzx/22c5Jsv2ag+uKy+ITanGA5hzvBZngrNGDXLTC7ZjGM6FLCYGgomauTkxNJeP9of353OM0pWqngYA180xgw==",
      "dev": true
    },
    "php-parser": {
      "version": "3.2.2",
      "resolved": "https://registry.npmjs.org/php-parser/-/php-parser-3.2.2.tgz",
      "integrity": "sha512-voj3rzCJmEbwHwH3QteON28wA6K+JbcaJEofyUZkUXmcViiXofjbSbcE5PtqtjX6nstnnAEYCFoRq0mkjP5/cg==",
      "dev": true
    },
    "stylelint-config-recommended": {
      "version": "15.0.0",
      "resolved": "https://registry.npmjs.org/stylelint-config-recommended/-/stylelint-config-recommended-15.0.0.tgz",
      "integrity": "sha512-9LejMFsat7L+NXttdHdTq94byn25TD+82bzGRiV1Pgasl99pWnwipXS5DguTpp3nP1XjvLXVnEJIuYBfsRjRkA==",
      "dev": true
    },
    "stylelint-config-standard": {
      "version": "37.0.0",
      "resolved": "https://registry.npmjs.org/stylelint-config-standard/-/stylelint-config-standard-37.0.0.tgz",
      "integrity": "sha512-+6eBlbSTrOn/il2RlV0zYGQwRTkr+WtzuVSs1reaWGObxnxLpbcspCUYajVQHonVfxVw2U+h42azGhrBvcg8OA==",
      "dev": true,
      "requires": {
        "stylelint-config-recommended": "^15.0.0"
      }
    },
    "stylelint-plugin-defensive-css": {
      "version": "1.0.4",
      "resolved": "https://registry.npmjs.org/stylelint-plugin-defensive-css/-/stylelint-plugin-defensive-css-1.0.4.tgz",
      "integrity": "sha512-8H5z8u+k/C88s1guEGwpcdZlbPhUdu0qHkQphqidCCchryx3/c95IFKiwg3aEhiXjADqdsOvMtckbqNDpjuU9g==",
      "dev": true
    }
  }
}
