{
  "name": "zone-main",
  "version": "0.0.3",
  "lockfileVersion": 1,
  "requires": true,
  "dependencies": {
    "prettier": {
      "version": "3.5.3",
      "resolved": "https://registry.npmjs.org/prettier/-/prettier-3.5.3.tgz",
      "integrity": "sha512-QQtaxnoDJeAkDvDKWCLiwIXkTgRhwYDEQCghU9Z6q03iyek/rxRh/2lC3HB7P8sWT2xC/y5JDctPLBIGzHKbhw==",
      "dev": true
    },
    "stylelint-config-recommended": {
      "version": "16.0.0",
      "resolved": "https://registry.npmjs.org/stylelint-config-recommended/-/stylelint-config-recommended-16.0.0.tgz",
      "integrity": "sha512-4RSmPjQegF34wNcK1e1O3Uz91HN8P1aFdFzio90wNK9mjgAI19u5vsU868cVZboKzCaa5XbpvtTzAAGQAxpcXA==",
      "dev": true
    },
    "stylelint-config-standard": {
      "version": "38.0.0",
      "resolved": "https://registry.npmjs.org/stylelint-config-standard/-/stylelint-config-standard-38.0.0.tgz",
      "integrity": "sha512-uj3JIX+dpFseqd/DJx8Gy3PcRAJhlEZ2IrlFOc4LUxBX/PNMEQ198x7LCOE2Q5oT9Vw8nyc4CIL78xSqPr6iag==",
      "dev": true,
      "requires": {
        "stylelint-config-recommended": "^16.0.0"
      }
    },
    "stylelint-plugin-defensive-css": {
      "version": "1.0.4",
      "resolved": "https://registry.npmjs.org/stylelint-plugin-defensive-css/-/stylelint-plugin-defensive-css-1.0.4.tgz",
      "integrity": "sha512-8H5z8u+k/C88s1guEGwpcdZlbPhUdu0qHkQphqidCCchryx3/c95IFKiwg3aEhiXjADqdsOvMtckbqNDpjuU9g==",
      "dev": true
    }
  }
}
